
Microsoft Visual Studio Solution File, Format Version 12.00
# Visual Studio Version 17
VisualStudioVersion = 17.14.36616.10 d17.14
MinimumVisualStudioVersion = 10.0.40219.1
Project("{FAE04EC0-301F-11D3-BF4B-00C04F79EFBC}") = "Api-FNAF", "Api-FNAF\Api-FNAF.csproj", "{6A22837F-D9E7-4D77-979F-0449488F1C58}"
EndProject
Global
	GlobalSection(SolutionConfigurationPlatforms) = preSolution
		Debug|Any CPU = Debug|Any CPU
		Release|Any CPU = Release|Any CPU
	EndGlobalSection
	GlobalSection(ProjectConfigurationPlatforms) = postSolution
		{6A22837F-D9E7-4D77-979F-0449488F1C58}.Debug|Any CPU.ActiveCfg = Debug|Any CPU
		{6A22837F-D9E7-4D77-979F-0449488F1C58}.Debug|Any CPU.Build.0 = Debug|Any CPU
		{6A22837F-D9E7-4D77-979F-0449488F1C58}.Release|Any CPU.ActiveCfg = Release|Any CPU
		{6A22837F-D9E7-4D77-979F-0449488F1C58}.Release|Any CPU.Build.0 = Release|Any CPU
	EndGlobalSection
	GlobalSection(SolutionProperties) = preSolution
		HideSolutionNode = FALSE
	EndGlobalSection
	GlobalSection(ExtensibilityGlobals) = postSolution
		SolutionGuid = {40E7E12D-E3C9-4759-9448-752F725A3615}
	EndGlobalSection
EndGlobal
